{
  "name": "qiankun-test",
  "version": "1.0.0",
  "lockfileVersion": 3,
  "requires": true,
  "packages": {
    "": {
      "name": "qiankun-test",
      "version": "1.0.0",
      "license": "ISC",
      "dependencies": {
        "qiankun": "^2.10.16",
        "qiankun-test": "file:"
      }
    },
    "node_modules/@babel/runtime": {
      "version": "7.26.0",
      "resolved": "https://registry.npmmirror.com/@babel/runtime/-/runtime-7.26.0.tgz",
      "integrity": "sha512-FDSOghenHTiToteC/QRlv2q3DhPZ/oOXTBoirfWNx1Cx3TMVcGWQtMMmQcSvb/JjpNeGzx8Pq/b4fKEJuWm1sw==",
      "dependencies": {
        "regenerator-runtime": "^0.14.0"
      },
      "engines": {
        "node": ">=6.9.0"
      }
    },
    "node_modules/import-html-entry": {
      "version": "1.17.0",
      "resolved": "https://registry.npmmirror.com/import-html-entry/-/import-html-entry-1.17.0.tgz",
      "integrity": "sha512-2SDsRlGlE8bqdnGqsOyiDPEWlzJR0jNW4LWopnZl5QE1Yd0nJ7fykWo2GaKUF7Jq7pR0g3dElhuJHyamTt1gPQ==",
      "dependencies": {
        "@babel/runtime": "^7.7.2"
      }
    },
    "node_modules/lodash": {
      "version": "4.17.21",
      "resolved": "https://registry.npmmirror.com/lodash/-/lodash-4.17.21.tgz",
      "integrity": "sha512-v2kDEe57lecTulaDIuNTPy3Ry4gLGJ6Z1O3vE1krgXZNrsQ+LFTGHVxVjcXPs17LhbZVGedAJv8XZ1tvj5FvSg=="
    },
    "node_modules/qiankun": {
      "version": "2.10.16",
      "resolved": "https://registry.npmmirror.com/qiankun/-/qiankun-2.10.16.tgz",
      "integrity": "sha512-Q3tSVUrPnzx8ckEOKIoPnhb5LE28FPKyan/r6jEuGJGqTbIy+3rp6E2/KfU82ZI4yZpef9LFTrnxdj49jAEsmw==",
      "dependencies": {
        "@babel/runtime": "^7.10.5",
        "import-html-entry": "^1.15.1",
        "lodash": "^4.17.11",
        "single-spa": "^5.9.2"
      }
    },
    "node_modules/qiankun-test": {
      "resolved": "",
      "link": true
    },
    "node_modules/regenerator-runtime": {
      "version": "0.14.1",
      "resolved": "https://registry.npmmirror.com/regenerator-runtime/-/regenerator-runtime-0.14.1.tgz",
      "integrity": "sha512-dYnhHh0nJoMfnkZs6GmmhFknAGRrLznOu5nc9ML+EJxGvrx6H7teuevqVqCuPcPK//3eDrrjQhehXVx9cnkGdw=="
    },
    "node_modules/single-spa": {
      "version": "5.9.5",
      "resolved": "https://registry.npmmirror.com/single-spa/-/single-spa-5.9.5.tgz",
      "integrity": "sha512-9SQdmsyz4HSP+3gs6PJzhkaMEg+6zTlu9oxIghnwUX3eq+ajq4ft5egl0iyR55LAmO/UwvU8NgIWs/ZyQMa6dw=="
    }
  }
}
